
Microsoft Visual Studio Solution File, Format Version 12.00
# Visual Studio Version 17
VisualStudioVersion = 17.8.34511.84
MinimumVisualStudioVersion = 10.0.40219.1
Project("{FAE04EC0-301F-11D3-BF4B-00C04F79EFBC}") = "CapitalPlacement.Api", "CapitalPlacement.Api\CapitalPlacement.Api.csproj", "{01D66D7A-1479-4887-AC10-7AFF3E494FBD}"
EndProject
Global
	GlobalSection(SolutionConfigurationPlatforms) = preSolution
		Debug|Any CPU = Debug|Any CPU
		Release|Any CPU = Release|Any CPU
	EndGlobalSection
	GlobalSection(ProjectConfigurationPlatforms) = postSolution
		{01D66D7A-1479-4887-AC10-7AFF3E494FBD}.Debug|Any CPU.ActiveCfg = Debug|Any CPU
		{01D66D7A-1479-4887-AC10-7AFF3E494FBD}.Debug|Any CPU.Build.0 = Debug|Any CPU
		{01D66D7A-1479-4887-AC10-7AFF3E494FBD}.Release|Any CPU.ActiveCfg = Release|Any CPU
		{01D66D7A-1479-4887-AC10-7AFF3E494FBD}.Release|Any CPU.Build.0 = Release|Any CPU
	EndGlobalSection
	GlobalSection(SolutionProperties) = preSolution
		HideSolutionNode = FALSE
	EndGlobalSection
	GlobalSection(ExtensibilityGlobals) = postSolution
		SolutionGuid = {72341898-EB83-45FF-B415-C8818E5FD3FB}
	EndGlobalSection
EndGlobal
